
Microsoft Visual Studio Solution File, Format Version 12.00
# Visual Studio Version 16
VisualStudioVersion = 16.0.30804.86
MinimumVisualStudioVersion = 10.0.40219.1
Project("{9A19103F-16F7-4668-BE54-9A1E7A4F7556}") = "WebApi", "WebApi.csproj", "{6268B331-1525-46F9-B211-C16C9BA0B10D}"
EndProject
Global
	GlobalSection(SolutionConfigurationPlatforms) = preSolution
		Debug|Any CPU = Debug|Any CPU
		Release|Any CPU = Release|Any CPU
	EndGlobalSection
	GlobalSection(ProjectConfigurationPlatforms) = postSolution
		{6268B331-1525-46F9-B211-C16C9BA0B10D}.Debug|Any CPU.ActiveCfg = Debug|Any CPU
		{6268B331-1525-46F9-B211-C16C9BA0B10D}.Debug|Any CPU.Build.0 = Debug|Any CPU
		{6268B331-1525-46F9-B211-C16C9BA0B10D}.Release|Any CPU.ActiveCfg = Release|Any CPU
		{6268B331-1525-46F9-B211-C16C9BA0B10D}.Release|Any CPU.Build.0 = Release|Any CPU
	EndGlobalSection
	GlobalSection(SolutionProperties) = preSolution
		HideSolutionNode = FALSE
	EndGlobalSection
	GlobalSection(ExtensibilityGlobals) = postSolution
		SolutionGuid = {51E45F20-B998-414D-A62A-AE008AD8FFE7}
	EndGlobalSection
EndGlobal
